// !$*UTF8*$!
{
	archiveVersion = 1;
	classes = {
	};
	objectVersion = 48;
	objects = {

/* Begin PBXBuildFile section */
		23EDE3CC272A750800EB685B /* img_10.png in Resources */ = {isa = PBXBuildFile; fileRef = 23EDE3AF272A750700EB685B /* img_10.png */; };
		23EDE3CD272A750800EB685B /* img_1.png in Resources */ = {isa = PBXBuildFile; fileRef = 23EDE3B0272A750700EB685B /* img_1.png */; };
		23EDE3CE272A750800EB685B /* img_0.png in Resources */ = {isa = PBXBuildFile; fileRef = 23EDE3B1272A750700EB685B /* img_0.png */; };
		23EDE3CF272A750800EB685B /* img_11.png in Resources */ = {isa = PBXBuildFile; fileRef = 23EDE3B2272A750700EB685B /* img_11.png */; };
		23EDE3D0272A750800EB685B /* img_13.png in Resources */ = {isa = PBXBuildFile; fileRef = 23EDE3B3272A750700EB685B /* img_13.png */; };
		23EDE3D1272A750800EB685B /* img_2.png in Resources */ = {isa = PBXBuildFile; fileRef = 23EDE3B4272A750700EB685B /* img_2.png */; };
		23EDE3D2272A750800EB685B /* img_3.png in Resources */ = {isa = PBXBuildFile; fileRef = 23EDE3B5272A750700EB685B /* img_3.png */; };
		23EDE3D3272A750800EB685B /* img_12.png in Resources */ = {isa = PBXBuildFile; fileRef = 23EDE3B6272A750700EB685B /* img_12.png */; };
		23EDE3D4272A750800EB685B /* img_16.png in Resources */ = {isa = PBXBuildFile; fileRef = 23EDE3B7272A750700EB685B /* img_16.png */; };
		23EDE3D5272A750800EB685B /* img_7.png in Resources */ = {isa = PBXBuildFile; fileRef = 23EDE3B8272A750700EB685B /* img_7.png */; };
		23EDE3D6272A750800EB685B /* img_6.png in Resources */ = {isa = PBXBuildFile; fileRef = 23EDE3B9272A750700EB685B /* img_6.png */; };
		23EDE3D7272A750800EB685B /* img_17.png in Resources */ = {isa = PBXBuildFile; fileRef = 23EDE3BA272A750700EB685B /* img_17.png */; };
		23EDE3D8272A750800EB685B /* img_15.png in Resources */ = {isa = PBXBuildFile; fileRef = 23EDE3BB272A750700EB685B /* img_15.png */; };
		23EDE3D9272A750800EB685B /* img_4.png in Resources */ = {isa = PBXBuildFile; fileRef = 23EDE3BC272A750700EB685B /* img_4.png */; };
		23EDE3DA272A750800EB685B /* img_5.png in Resources */ = {isa = PBXBuildFile; fileRef = 23EDE3BD272A750700EB685B /* img_5.png */; };
		23EDE3DB272A750800EB685B /* img_14.png in Resources */ = {isa = PBXBuildFile; fileRef = 23EDE3BE272A750800EB685B /* img_14.png */; };
		23EDE3DC272A750800EB685B /* img_25.png in Resources */ = {isa = PBXBuildFile; fileRef = 23EDE3BF272A750800EB685B /* img_25.png */; };
		23EDE3DD272A750800EB685B /* img_19.png in Resources */ = {isa = PBXBuildFile; fileRef = 23EDE3C0272A750800EB685B /* img_19.png */; };
		23EDE3DE272A750800EB685B /* img_8.png in Resources */ = {isa = PBXBuildFile; fileRef = 23EDE3C1272A750800EB685B /* img_8.png */; };
		23EDE3DF272A750800EB685B /* img_9.png in Resources */ = {isa = PBXBuildFile; fileRef = 23EDE3C2272A750800EB685B /* img_9.png */; };
		23EDE3E0272A750800EB685B /* img_18.png in Resources */ = {isa = PBXBuildFile; fileRef = 23EDE3C3272A750800EB685B /* img_18.png */; };
		23EDE3E1272A750800EB685B /* img_24.png in Resources */ = {isa = PBXBuildFile; fileRef = 23EDE3C4272A750800EB685B /* img_24.png */; };
		23EDE3E2272A750800EB685B /* img_26.png in Resources */ = {isa = PBXBuildFile; fileRef = 23EDE3C5272A750800EB685B /* img_26.png */; };
		23EDE3E3272A750800EB685B /* img_27.png in Resources */ = {isa = PBXBuildFile; fileRef = 23EDE3C6272A750800EB685B /* img_27.png */; };
		23EDE3E4272A750800EB685B /* img_23.png in Resources */ = {isa = PBXBuildFile; fileRef = 23EDE3C7272A750800EB685B /* img_23.png */; };
		23EDE3E5272A750800EB685B /* img_22.png in Resources */ = {isa = PBXBuildFile; fileRef = 23EDE3C8272A750800EB685B /* img_22.png */; };
		23EDE3E6272A750800EB685B /* img_20.png in Resources */ = {isa = PBXBuildFile; fileRef = 23EDE3C9272A750800EB685B /* img_20.png */; };
		23EDE3E7272A750800EB685B /* img_21.png in Resources */ = {isa = PBXBuildFile; fileRef = 23EDE3CA272A750800EB685B /* img_21.png */; };
		23EDE3E8272A750800EB685B /* rose.json in Resources */ = {isa = PBXBuildFile; fileRef = 23EDE3CB272A750800EB685B /* rose.json */; };
		3C3CE6F82566A2F100EB1852 /* GSToDoModel.swift in Sources */ = {isa = PBXBuildFile; fileRef = 3C3CE6F72566A2F100EB1852 /* GSToDoModel.swift */; };
		3C3CE6FC2566A48E00EB1852 /* GSToDoViewController.swift in Sources */ = {isa = PBXBuildFile; fileRef = 3C3CE6FB2566A48E00EB1852 /* GSToDoViewController.swift */; };
		3C3CE7002566A99100EB1852 /* GSTodoTableViewCell.swift in Sources */ = {isa = PBXBuildFile; fileRef = 3C3CE6FE2566A99100EB1852 /* GSTodoTableViewCell.swift */; };
		3C3CE7012566A99100EB1852 /* GSTodoTableViewCell.xib in Resources */ = {isa = PBXBuildFile; fileRef = 3C3CE6FF2566A99100EB1852 /* GSTodoTableViewCell.xib */; };
		4441CCF624B6CB1300728A31 /* RxTableViewBindController.swift in Sources */ = {isa = PBXBuildFile; fileRef = 4441CCF524B6CB1300728A31 /* RxTableViewBindController.swift */; };
		4479E8E32493AFE000B185B6 /* WonderfulMacro.swift in Sources */ = {isa = PBXBuildFile; fileRef = 4479E8E22493AFE000B185B6 /* WonderfulMacro.swift */; };
		4479E8E92493B36F00B185B6 /* RxIndexController.swift in Sources */ = {isa = PBXBuildFile; fileRef = 4479E8E82493B36F00B185B6 /* RxIndexController.swift */; };
		4479E8EB2493B61D00B185B6 /* ViewController.swift in Sources */ = {isa = PBXBuildFile; fileRef = 4479E8EA2493B61D00B185B6 /* ViewController.swift */; };
		4479E8EE24946B2600B185B6 /* RxIndexModel.swift in Sources */ = {isa = PBXBuildFile; fileRef = 4479E8ED24946B2600B185B6 /* RxIndexModel.swift */; };
		44A9717824B811810028ADAC /* RxBasicViewController.swift in Sources */ = {isa = PBXBuildFile; fileRef = 44A9717724B811810028ADAC /* RxBasicViewController.swift */; };
		44A9717D24B847010028ADAC /* TestLottieController.swift in Sources */ = {isa = PBXBuildFile; fileRef = 44A9717C24B847010028ADAC /* TestLottieController.swift */; };
		9FC4CA09FA5F947A577361EE /* Pods_StevenNash.framework in Frameworks */ = {isa = PBXBuildFile; fileRef = BBD6EA9B5EA6695153E5E753 /* Pods_StevenNash.framework */; };
		B02C2790216B3A64007A23E5 /* MenuTableViewController.swift in Sources */ = {isa = PBXBuildFile; fileRef = B02C278F216B3A64007A23E5 /* MenuTableViewController.swift */; };
		B02C2792216B441A007A23E5 /* CircleProgressController.swift in Sources */ = {isa = PBXBuildFile; fileRef = B02C2791216B441A007A23E5 /* CircleProgressController.swift */; };
		B02C2794216B48CB007A23E5 /* CircleProgressController.xib in Resources */ = {isa = PBXBuildFile; fileRef = B02C2793216B48CB007A23E5 /* CircleProgressController.xib */; };
		B02C2797216B541A007A23E5 /* UIViewController+Extension.swift in Sources */ = {isa = PBXBuildFile; fileRef = B02C2796216B541A007A23E5 /* UIViewController+Extension.swift */; };
		B02C2799216B5A8A007A23E5 /* NSObject+Extension.swift in Sources */ = {isa = PBXBuildFile; fileRef = B02C2798216B5A8A007A23E5 /* NSObject+Extension.swift */; };
		B02C279B216C4941007A23E5 /* FanshapedProgressView.swift in Sources */ = {isa = PBXBuildFile; fileRef = B02C279A216C4941007A23E5 /* FanshapedProgressView.swift */; };
		B02C279E216C7FF0007A23E5 /* Emitterable.swift in Sources */ = {isa = PBXBuildFile; fileRef = B02C279D216C7FF0007A23E5 /* Emitterable.swift */; };
		B02C27A1216C8544007A23E5 /* ProtocolController.swift in Sources */ = {isa = PBXBuildFile; fileRef = B02C279F216C8544007A23E5 /* ProtocolController.swift */; };
		B02C27A2216C8544007A23E5 /* ProtocolController.xib in Resources */ = {isa = PBXBuildFile; fileRef = B02C27A0216C8544007A23E5 /* ProtocolController.xib */; };
		B077B998208EC79B009F36BC /* AppDelegate.swift in Sources */ = {isa = PBXBuildFile; fileRef = B077B997208EC79B009F36BC /* AppDelegate.swift */; };
		B077B99D208EC79B009F36BC /* Main.storyboard in Resources */ = {isa = PBXBuildFile; fileRef = B077B99B208EC79B009F36BC /* Main.storyboard */; };
		B077B99F208EC79B009F36BC /* Assets.xcassets in Resources */ = {isa = PBXBuildFile; fileRef = B077B99E208EC79B009F36BC /* Assets.xcassets */; };
		B077B9A2208EC79B009F36BC /* LaunchScreen.storyboard in Resources */ = {isa = PBXBuildFile; fileRef = B077B9A0208EC79B009F36BC /* LaunchScreen.storyboard */; };
		B08D628B215376680096C1F8 /* CircleProgressView.swift in Sources */ = {isa = PBXBuildFile; fileRef = B08D628A215376680096C1F8 /* CircleProgressView.swift */; };
		B0A6717821782822009F539D /* UIKit+Extension.swift in Sources */ = {isa = PBXBuildFile; fileRef = B0A6717721782822009F539D /* UIKit+Extension.swift */; };
		B0A6717A21782F08009F539D /* TestCategoriesController.swift in Sources */ = {isa = PBXBuildFile; fileRef = B0A6717921782F08009F539D /* TestCategoriesController.swift */; };
		B0A6717F21782FE6009F539D /* TestImageController.swift in Sources */ = {isa = PBXBuildFile; fileRef = B0A6717D21782FE6009F539D /* TestImageController.swift */; };
		B0A6718021782FE6009F539D /* TestImageController.xib in Resources */ = {isa = PBXBuildFile; fileRef = B0A6717E21782FE6009F539D /* TestImageController.xib */; };
		B0A67184217832C8009F539D /* girl.jpg in Resources */ = {isa = PBXBuildFile; fileRef = B0A67183217832C8009F539D /* girl.jpg */; };
/* End PBXBuildFile section */

/* Begin PBXFileReference section */
		23EDE3AF272A750700EB685B /* img_10.png */ = {isa = PBXFileReference; lastKnownFileType = image.png; path = img_10.png; sourceTree = "<group>"; };
		23EDE3B0272A750700EB685B /* img_1.png */ = {isa = PBXFileReference; lastKnownFileType = image.png; path = img_1.png; sourceTree = "<group>"; };
		23EDE3B1272A750700EB685B /* img_0.png */ = {isa = PBXFileReference; lastKnownFileType = image.png; path = img_0.png; sourceTree = "<group>"; };
		23EDE3B2272A750700EB685B /* img_11.png */ = {isa = PBXFileReference; lastKnownFileType = image.png; path = img_11.png; sourceTree = "<group>"; };
		23EDE3B3272A750700EB685B /* img_13.png */ = {isa = PBXFileReference; lastKnownFileType = image.png; path = img_13.png; sourceTree = "<group>"; };
		23EDE3B4272A750700EB685B /* img_2.png */ = {isa = PBXFileReference; lastKnownFileType = image.png; path = img_2.png; sourceTree = "<group>"; };
		23EDE3B5272A750700EB685B /* img_3.png */ = {isa = PBXFileReference; lastKnownFileType = image.png; path = img_3.png; sourceTree = "<group>"; };
		23EDE3B6272A750700EB685B /* img_12.png */ = {isa = PBXFileReference; lastKnownFileType = image.png; path = img_12.png; sourceTree = "<group>"; };
		23EDE3B7272A750700EB685B /* img_16.png */ = {isa = PBXFileReference; lastKnownFileType = image.png; path = img_16.png; sourceTree = "<group>"; };
		23EDE3B8272A750700EB685B /* img_7.png */ = {isa = PBXFileReference; lastKnownFileType = image.png; path = img_7.png; sourceTree = "<group>"; };
		23EDE3B9272A750700EB685B /* img_6.png */ = {isa = PBXFileReference; lastKnownFileType = image.png; path = img_6.png; sourceTree = "<group>"; };
		23EDE3BA272A750700EB685B /* img_17.png */ = {isa = PBXFileReference; lastKnownFileType = image.png; path = img_17.png; sourceTree = "<group>"; };
		23EDE3BB272A750700EB685B /* img_15.png */ = {isa = PBXFileReference; lastKnownFileType = image.png; path = img_15.png; sourceTree = "<group>"; };
		23EDE3BC272A750700EB685B /* img_4.png */ = {isa = PBXFileReference; lastKnownFileType = image.png; path = img_4.png; sourceTree = "<group>"; };
		23EDE3BD272A750700EB685B /* img_5.png */ = {isa = PBXFileReference; lastKnownFileType = image.png; path = img_5.png; sourceTree = "<group>"; };
		23EDE3BE272A750800EB685B /* img_14.png */ = {isa = PBXFileReference; lastKnownFileType = image.png; path = img_14.png; sourceTree = "<group>"; };
		23EDE3BF272A750800EB685B /* img_25.png */ = {isa = PBXFileReference; lastKnownFileType = image.png; path = img_25.png; sourceTree = "<group>"; };
		23EDE3C0272A750800EB685B /* img_19.png */ = {isa = PBXFileReference; lastKnownFileType = image.png; path = img_19.png; sourceTree = "<group>"; };
		23EDE3C1272A750800EB685B /* img_8.png */ = {isa = PBXFileReference; lastKnownFileType = image.png; path = img_8.png; sourceTree = "<group>"; };
		23EDE3C2272A750800EB685B /* img_9.png */ = {isa = PBXFileReference; lastKnownFileType = image.png; path = img_9.png; sourceTree = "<group>"; };
		23EDE3C3272A750800EB685B /* img_18.png */ = {isa = PBXFileReference; lastKnownFileType = image.png; path = img_18.png; sourceTree = "<group>"; };
		23EDE3C4272A750800EB685B /* img_24.png */ = {isa = PBXFileReference; lastKnownFileType = image.png; path = img_24.png; sourceTree = "<group>"; };
		23EDE3C5272A750800EB685B /* img_26.png */ = {isa = PBXFileReference; lastKnownFileType = image.png; path = img_26.png; sourceTree = "<group>"; };
		23EDE3C6272A750800EB685B /* img_27.png */ = {isa = PBXFileReference; lastKnownFileType = image.png; path = img_27.png; sourceTree = "<group>"; };
		23EDE3C7272A750800EB685B /* img_23.png */ = {isa = PBXFileReference; lastKnownFileType = image.png; path = img_23.png; sourceTree = "<group>"; };
		23EDE3C8272A750800EB685B /* img_22.png */ = {isa = PBXFileReference; lastKnownFileType = image.png; path = img_22.png; sourceTree = "<group>"; };
		23EDE3C9272A750800EB685B /* img_20.png */ = {isa = PBXFileReference; lastKnownFileType = image.png; path = img_20.png; sourceTree = "<group>"; };
		23EDE3CA272A750800EB685B /* img_21.png */ = {isa = PBXFileReference; lastKnownFileType = image.png; path = img_21.png; sourceTree = "<group>"; };
		23EDE3CB272A750800EB685B /* rose.json */ = {isa = PBXFileReference; fileEncoding = 4; lastKnownFileType = text.json; path = rose.json; sourceTree = "<group>"; };
		3C3CE6F72566A2F100EB1852 /* GSToDoModel.swift */ = {isa = PBXFileReference; lastKnownFileType = sourcecode.swift; path = GSToDoModel.swift; sourceTree = "<group>"; };
		3C3CE6FB2566A48E00EB1852 /* GSToDoViewController.swift */ = {isa = PBXFileReference; lastKnownFileType = sourcecode.swift; path = GSToDoViewController.swift; sourceTree = "<group>"; };
		3C3CE6FE2566A99100EB1852 /* GSTodoTableViewCell.swift */ = {isa = PBXFileReference; lastKnownFileType = sourcecode.swift; path = GSTodoTableViewCell.swift; sourceTree = "<group>"; };
		3C3CE6FF2566A99100EB1852 /* GSTodoTableViewCell.xib */ = {isa = PBXFileReference; lastKnownFileType = file.xib; path = GSTodoTableViewCell.xib; sourceTree = "<group>"; };
		4441CCF524B6CB1300728A31 /* RxTableViewBindController.swift */ = {isa = PBXFileReference; lastKnownFileType = sourcecode.swift; path = RxTableViewBindController.swift; sourceTree = "<group>"; };
		4479E8E22493AFE000B185B6 /* WonderfulMacro.swift */ = {isa = PBXFileReference; lastKnownFileType = sourcecode.swift; path = WonderfulMacro.swift; sourceTree = "<group>"; };
		4479E8E82493B36F00B185B6 /* RxIndexController.swift */ = {isa = PBXFileReference; lastKnownFileType = sourcecode.swift; path = RxIndexController.swift; sourceTree = "<group>"; };
		4479E8EA2493B61D00B185B6 /* ViewController.swift */ = {isa = PBXFileReference; lastKnownFileType = sourcecode.swift; path = ViewController.swift; sourceTree = "<group>"; };
		4479E8ED24946B2600B185B6 /* RxIndexModel.swift */ = {isa = PBXFileReference; lastKnownFileType = sourcecode.swift; path = RxIndexModel.swift; sourceTree = "<group>"; };
		44A9717724B811810028ADAC /* RxBasicViewController.swift */ = {isa = PBXFileReference; lastKnownFileType = sourcecode.swift; path = RxBasicViewController.swift; sourceTree = "<group>"; };
		44A9717C24B847010028ADAC /* TestLottieController.swift */ = {isa = PBXFileReference; lastKnownFileType = sourcecode.swift; path = TestLottieController.swift; sourceTree = "<group>"; };
		6BD5621D2DA2FCD4CCA295F3 /* Pods-StevenNash.debug.xcconfig */ = {isa = PBXFileReference; includeInIndex = 1; lastKnownFileType = text.xcconfig; name = "Pods-StevenNash.debug.xcconfig"; path = "Pods/Target Support Files/Pods-StevenNash/Pods-StevenNash.debug.xcconfig"; sourceTree = "<group>"; };
		6F3291DE9E90B5485C4F3490 /* Pods-StevenNash.release.xcconfig */ = {isa = PBXFileReference; includeInIndex = 1; lastKnownFileType = text.xcconfig; name = "Pods-StevenNash.release.xcconfig"; path = "Pods/Target Support Files/Pods-StevenNash/Pods-StevenNash.release.xcconfig"; sourceTree = "<group>"; };
		B02C278F216B3A64007A23E5 /* MenuTableViewController.swift */ = {isa = PBXFileReference; lastKnownFileType = sourcecode.swift; path = MenuTableViewController.swift; sourceTree = "<group>"; };
		B02C2791216B441A007A23E5 /* CircleProgressController.swift */ = {isa = PBXFileReference; lastKnownFileType = sourcecode.swift; path = CircleProgressController.swift; sourceTree = "<group>"; };
		B02C2793216B48CB007A23E5 /* CircleProgressController.xib */ = {isa = PBXFileReference; lastKnownFileType = file.xib; path = CircleProgressController.xib; sourceTree = "<group>"; };
		B02C2796216B541A007A23E5 /* UIViewController+Extension.swift */ = {isa = PBXFileReference; lastKnownFileType = sourcecode.swift; path = "UIViewController+Extension.swift"; sourceTree = "<group>"; };
		B02C2798216B5A8A007A23E5 /* NSObject+Extension.swift */ = {isa = PBXFileReference; lastKnownFileType = sourcecode.swift; path = "NSObject+Extension.swift"; sourceTree = "<group>"; };
		B02C279A216C4941007A23E5 /* FanshapedProgressView.swift */ = {isa = PBXFileReference; lastKnownFileType = sourcecode.swift; path = FanshapedProgressView.swift; sourceTree = "<group>"; };
		B02C279D216C7FF0007A23E5 /* Emitterable.swift */ = {isa = PBXFileReference; lastKnownFileType = sourcecode.swift; path = Emitterable.swift; sourceTree = "<group>"; };
		B02C279F216C8544007A23E5 /* ProtocolController.swift */ = {isa = PBXFileReference; lastKnownFileType = sourcecode.swift; path = ProtocolController.swift; sourceTree = "<group>"; };
		B02C27A0216C8544007A23E5 /* ProtocolController.xib */ = {isa = PBXFileReference; lastKnownFileType = file.xib; path = ProtocolController.xib; sourceTree = "<group>"; };
		B077B994208EC79B009F36BC /* StevenNash.app */ = {isa = PBXFileReference; explicitFileType = wrapper.application; includeInIndex = 0; path = StevenNash.app; sourceTree = BUILT_PRODUCTS_DIR; };
		B077B997208EC79B009F36BC /* AppDelegate.swift */ = {isa = PBXFileReference; lastKnownFileType = sourcecode.swift; path = AppDelegate.swift; sourceTree = "<group>"; };
		B077B99C208EC79B009F36BC /* Base */ = {isa = PBXFileReference; lastKnownFileType = file.storyboard; name = Base; path = Base.lproj/Main.storyboard; sourceTree = "<group>"; };
		B077B99E208EC79B009F36BC /* Assets.xcassets */ = {isa = PBXFileReference; lastKnownFileType = folder.assetcatalog; path = Assets.xcassets; sourceTree = "<group>"; };
		B077B9A1208EC79B009F36BC /* Base */ = {isa = PBXFileReference; lastKnownFileType = file.storyboard; name = Base; path = Base.lproj/LaunchScreen.storyboard; sourceTree = "<group>"; };
		B077B9A3208EC79B009F36BC /* Info.plist */ = {isa = PBXFileReference; lastKnownFileType = text.plist.xml; path = Info.plist; sourceTree = "<group>"; };
		B08D628A215376680096C1F8 /* CircleProgressView.swift */ = {isa = PBXFileReference; lastKnownFileType = sourcecode.swift; path = CircleProgressView.swift; sourceTree = "<group>"; };
		B0A6717721782822009F539D /* UIKit+Extension.swift */ = {isa = PBXFileReference; lastKnownFileType = sourcecode.swift; path = "UIKit+Extension.swift"; sourceTree = "<group>"; };
		B0A6717921782F08009F539D /* TestCategoriesController.swift */ = {isa = PBXFileReference; lastKnownFileType = sourcecode.swift; path = TestCategoriesController.swift; sourceTree = "<group>"; };
		B0A6717D21782FE6009F539D /* TestImageController.swift */ = {isa = PBXFileReference; lastKnownFileType = sourcecode.swift; path = TestImageController.swift; sourceTree = "<group>"; };
		B0A6717E21782FE6009F539D /* TestImageController.xib */ = {isa = PBXFileReference; lastKnownFileType = file.xib; path = TestImageController.xib; sourceTree = "<group>"; };
		B0A67183217832C8009F539D /* girl.jpg */ = {isa = PBXFileReference; lastKnownFileType = image.jpeg; path = girl.jpg; sourceTree = "<group>"; };
		BBD6EA9B5EA6695153E5E753 /* Pods_StevenNash.framework */ = {isa = PBXFileReference; explicitFileType = wrapper.framework; includeInIndex = 0; path = Pods_StevenNash.framework; sourceTree = BUILT_PRODUCTS_DIR; };
/* End PBXFileReference section */

/* Begin PBXFrameworksBuildPhase section */
		B077B991208EC79B009F36BC /* Frameworks */ = {
			isa = PBXFrameworksBuildPhase;
			buildActionMask = 2147483647;
			files = (
				9FC4CA09FA5F947A577361EE /* Pods_StevenNash.framework in Frameworks */,
			);
			runOnlyForDeploymentPostprocessing = 0;
		};
/* End PBXFrameworksBuildPhase section */

/* Begin PBXGroup section */
		23EDE3AD272A750700EB685B /* meiguihua_1 */ = {
			isa = PBXGroup;
			children = (
				23EDE3AE272A750700EB685B /* images */,
				23EDE3CB272A750800EB685B /* rose.json */,
			);
			path = meiguihua_1;
			sourceTree = "<group>";
		};
		23EDE3AE272A750700EB685B /* images */ = {
			isa = PBXGroup;
			children = (
				23EDE3AF272A750700EB685B /* img_10.png */,
				23EDE3B0272A750700EB685B /* img_1.png */,
				23EDE3B1272A750700EB685B /* img_0.png */,
				23EDE3B2272A750700EB685B /* img_11.png */,
				23EDE3B3272A750700EB685B /* img_13.png */,
				23EDE3B4272A750700EB685B /* img_2.png */,
				23EDE3B5272A750700EB685B /* img_3.png */,
				23EDE3B6272A750700EB685B /* img_12.png */,
				23EDE3B7272A750700EB685B /* img_16.png */,
				23EDE3B8272A750700EB685B /* img_7.png */,
				23EDE3B9272A750700EB685B /* img_6.png */,
				23EDE3BA272A750700EB685B /* img_17.png */,
				23EDE3BB272A750700EB685B /* img_15.png */,
				23EDE3BC272A750700EB685B /* img_4.png */,
				23EDE3BD272A750700EB685B /* img_5.png */,
				23EDE3BE272A750800EB685B /* img_14.png */,
				23EDE3BF272A750800EB685B /* img_25.png */,
				23EDE3C0272A750800EB685B /* img_19.png */,
				23EDE3C1272A750800EB685B /* img_8.png */,
				23EDE3C2272A750800EB685B /* img_9.png */,
				23EDE3C3272A750800EB685B /* img_18.png */,
				23EDE3C4272A750800EB685B /* img_24.png */,
				23EDE3C5272A750800EB685B /* img_26.png */,
				23EDE3C6272A750800EB685B /* img_27.png */,
				23EDE3C7272A750800EB685B /* img_23.png */,
				23EDE3C8272A750800EB685B /* img_22.png */,
				23EDE3C9272A750800EB685B /* img_20.png */,
				23EDE3CA272A750800EB685B /* img_21.png */,
			);
			path = images;
			sourceTree = "<group>";
		};
		3C3CE6F62566A27700EB1852 /* MVC */ = {
			isa = PBXGroup;
			children = (
				3C3CE6F72566A2F100EB1852 /* GSToDoModel.swift */,
				3C3CE6FB2566A48E00EB1852 /* GSToDoViewController.swift */,
				3C3CE6FE2566A99100EB1852 /* GSTodoTableViewCell.swift */,
				3C3CE6FF2566A99100EB1852 /* GSTodoTableViewCell.xib */,
			);
			path = MVC;
			sourceTree = "<group>";
		};
		4441CCF424B6CAD700728A31 /* BindTableView */ = {
			isa = PBXGroup;
			children = (
				4441CCF524B6CB1300728A31 /* RxTableViewBindController.swift */,
			);
			path = BindTableView;
			sourceTree = "<group>";
		};
		4479E8E12493AF5400B185B6 /* Basic */ = {
			isa = PBXGroup;
			children = (
				4479E8E22493AFE000B185B6 /* WonderfulMacro.swift */,
				4479E8EA2493B61D00B185B6 /* ViewController.swift */,
			);
			path = Basic;
			sourceTree = "<group>";
		};
		4479E8E42493B00500B185B6 /* Modules */ = {
			isa = PBXGroup;
			children = (
				3C3CE6F62566A27700EB1852 /* MVC */,
				44A9717924B846D50028ADAC /* Animation */,
				4479E8E52493B02300B185B6 /* RxSwift */,
			);
			path = Modules;
			sourceTree = "<group>";
		};
		4479E8E52493B02300B185B6 /* RxSwift */ = {
			isa = PBXGroup;
			children = (
				44A9717524B8112F0028ADAC /* BaseView */,
				4441CCF424B6CAD700728A31 /* BindTableView */,
				4479E8E62493B08900B185B6 /* Index */,
			);
			path = RxSwift;
			sourceTree = "<group>";
		};
		4479E8E62493B08900B185B6 /* Index */ = {
			isa = PBXGroup;
			children = (
				4479E8EC24946B0500B185B6 /* Model */,
				4479E8E72493B09D00B185B6 /* Controller */,
			);
			path = Index;
			sourceTree = "<group>";
		};
		4479E8E72493B09D00B185B6 /* Controller */ = {
			isa = PBXGroup;
			children = (
				4479E8E82493B36F00B185B6 /* RxIndexController.swift */,
			);
			path = Controller;
			sourceTree = "<group>";
		};
		4479E8EC24946B0500B185B6 /* Model */ = {
			isa = PBXGroup;
			children = (
				4479E8ED24946B2600B185B6 /* RxIndexModel.swift */,
			);
			path = Model;
			sourceTree = "<group>";
		};
		44A9717524B8112F0028ADAC /* BaseView */ = {
			isa = PBXGroup;
			children = (
				44A9717724B811810028ADAC /* RxBasicViewController.swift */,
			);
			path = BaseView;
			sourceTree = "<group>";
		};
		44A9717924B846D50028ADAC /* Animation */ = {
			isa = PBXGroup;
			children = (
				44A9717A24B846DF0028ADAC /* Lottie */,
			);
			path = Animation;
			sourceTree = "<group>";
		};
		44A9717A24B846DF0028ADAC /* Lottie */ = {
			isa = PBXGroup;
			children = (
				44A9717C24B847010028ADAC /* TestLottieController.swift */,
				44A9717E24B84A590028ADAC /* File */,
			);
			path = Lottie;
			sourceTree = "<group>";
		};
		44A9717E24B84A590028ADAC /* File */ = {
			isa = PBXGroup;
			children = (
				23EDE3AD272A750700EB685B /* meiguihua_1 */,
			);
			path = File;
			sourceTree = "<group>";
		};
		B02C278E216B3A3C007A23E5 /* Menu */ = {
			isa = PBXGroup;
			children = (
				B02C278F216B3A64007A23E5 /* MenuTableViewController.swift */,
			);
			path = Menu;
			sourceTree = "<group>";
		};
		B02C2795216B5401007A23E5 /* Categories */ = {
			isa = PBXGroup;
			children = (
				B0A6717921782F08009F539D /* TestCategoriesController.swift */,
				B02C2796216B541A007A23E5 /* UIViewController+Extension.swift */,
				B02C2798216B5A8A007A23E5 /* NSObject+Extension.swift */,
				B0A6717721782822009F539D /* UIKit+Extension.swift */,
			);
			path = Categories;
			sourceTree = "<group>";
		};
		B02C279C216C7FD7007A23E5 /* Protocol */ = {
			isa = PBXGroup;
			children = (
				B02C279F216C8544007A23E5 /* ProtocolController.swift */,
				B02C27A0216C8544007A23E5 /* ProtocolController.xib */,
				B02C279D216C7FF0007A23E5 /* Emitterable.swift */,
			);
			path = Protocol;
			sourceTree = "<group>";
		};
		B077B98B208EC79B009F36BC = {
			isa = PBXGroup;
			children = (
				B077B996208EC79B009F36BC /* StevenNash */,
				B077B995208EC79B009F36BC /* Products */,
				D33B11F30797C52EE3431677 /* Pods */,
				FCD2314484240ACD0B80F604 /* Frameworks */,
			);
			sourceTree = "<group>";
		};
		B077B995208EC79B009F36BC /* Products */ = {
			isa = PBXGroup;
			children = (
				B077B994208EC79B009F36BC /* StevenNash.app */,
			);
			name = Products;
			sourceTree = "<group>";
		};
		B077B996208EC79B009F36BC /* StevenNash */ = {
			isa = PBXGroup;
			children = (
				B08D6287215375370096C1F8 /* Classes */,
				B077B99B208EC79B009F36BC /* Main.storyboard */,
				B077B99E208EC79B009F36BC /* Assets.xcassets */,
				B077B9A0208EC79B009F36BC /* LaunchScreen.storyboard */,
				B077B9A3208EC79B009F36BC /* Info.plist */,
			);
			path = StevenNash;
			sourceTree = "<group>";
		};
		B08D6287215375370096C1F8 /* Classes */ = {
			isa = PBXGroup;
			children = (
				4479E8E12493AF5400B185B6 /* Basic */,
				4479E8E42493B00500B185B6 /* Modules */,
				B02C2795216B5401007A23E5 /* Categories */,
				B08D6289215375590096C1F8 /* Appdelegate */,
				B02C278E216B3A3C007A23E5 /* Menu */,
				B08D6288215375370096C1F8 /* Progress */,
				B02C279C216C7FD7007A23E5 /* Protocol */,
				B0A6717B21782FC7009F539D /* Test */,
				B0A671812178329C009F539D /* Source */,
			);
			path = Classes;
			sourceTree = "<group>";
		};
		B08D6288215375370096C1F8 /* Progress */ = {
			isa = PBXGroup;
			children = (
				B02C2791216B441A007A23E5 /* CircleProgressController.swift */,
				B02C2793216B48CB007A23E5 /* CircleProgressController.xib */,
				B08D628A215376680096C1F8 /* CircleProgressView.swift */,
				B02C279A216C4941007A23E5 /* FanshapedProgressView.swift */,
			);
			path = Progress;
			sourceTree = "<group>";
		};
		B08D6289215375590096C1F8 /* Appdelegate */ = {
			isa = PBXGroup;
			children = (
				B077B997208EC79B009F36BC /* AppDelegate.swift */,
			);
			path = Appdelegate;
			sourceTree = "<group>";
		};
		B0A6717B21782FC7009F539D /* Test */ = {
			isa = PBXGroup;
			children = (
				B0A6717C21782FC7009F539D /* Categories */,
			);
			path = Test;
			sourceTree = "<group>";
		};
		B0A6717C21782FC7009F539D /* Categories */ = {
			isa = PBXGroup;
			children = (
				B0A6717D21782FE6009F539D /* TestImageController.swift */,
				B0A6717E21782FE6009F539D /* TestImageController.xib */,
			);
			path = Categories;
			sourceTree = "<group>";
		};
		B0A671812178329C009F539D /* Source */ = {
			isa = PBXGroup;
			children = (
				B0A671822178329C009F539D /* Images */,
			);
			name = Source;
			path = Test/Source;
			sourceTree = "<group>";
		};
		B0A671822178329C009F539D /* Images */ = {
			isa = PBXGroup;
			children = (
				B0A67183217832C8009F539D /* girl.jpg */,
			);
			path = Images;
			sourceTree = "<group>";
		};
		D33B11F30797C52EE3431677 /* Pods */ = {
			isa = PBXGroup;
			children = (
				6BD5621D2DA2FCD4CCA295F3 /* Pods-StevenNash.debug.xcconfig */,
				6F3291DE9E90B5485C4F3490 /* Pods-StevenNash.release.xcconfig */,
			);
			name = Pods;
			sourceTree = "<group>";
		};
		FCD2314484240ACD0B80F604 /* Frameworks */ = {
			isa = PBXGroup;
			children = (
				BBD6EA9B5EA6695153E5E753 /* Pods_StevenNash.framework */,
			);
			name = Frameworks;
			sourceTree = "<group>";
		};
/* End PBXGroup section */

/* Begin PBXNativeTarget section */
		B077B993208EC79B009F36BC /* StevenNash */ = {
			isa = PBXNativeTarget;
			buildConfigurationList = B077B9A6208EC79B009F36BC /* Build configuration list for PBXNativeTarget "StevenNash" */;
			buildPhases = (
				B5BBA5A9BE59EC75555BC00C /* [CP] Check Pods Manifest.lock */,
				B077B990208EC79B009F36BC /* Sources */,
				B077B991208EC79B009F36BC /* Frameworks */,
				B077B992208EC79B009F36BC /* Resources */,
				84D9ED5C5A607A2E9E57CCBF /* [CP] Embed Pods Frameworks */,
			);
			buildRules = (
			);
			dependencies = (
			);
			name = StevenNash;
			productName = StevenNash;
			productReference = B077B994208EC79B009F36BC /* StevenNash.app */;
			productType = "com.apple.product-type.application";
		};
/* End PBXNativeTarget section */

/* Begin PBXProject section */
		B077B98C208EC79B009F36BC /* Project object */ = {
			isa = PBXProject;
			attributes = {
				LastSwiftUpdateCheck = 0920;
				LastUpgradeCheck = 1000;
				ORGANIZATIONNAME = gongsheng;
				TargetAttributes = {
					B077B993208EC79B009F36BC = {
						CreatedOnToolsVersion = 9.2;
						LastSwiftMigration = 1000;
						ProvisioningStyle = Automatic;
					};
				};
			};
			buildConfigurationList = B077B98F208EC79B009F36BC /* Build configuration list for PBXProject "StevenNash" */;
			compatibilityVersion = "Xcode 8.0";
			developmentRegion = en;
			hasScannedForEncodings = 0;
			knownRegions = (
				en,
				Base,
			);
			mainGroup = B077B98B208EC79B009F36BC;
			productRefGroup = B077B995208EC79B009F36BC /* Products */;
			projectDirPath = "";
			projectRoot = "";
			targets = (
				B077B993208EC79B009F36BC /* StevenNash */,
			);
		};
/* End PBXProject section */

/* Begin PBXResourcesBuildPhase section */
		B077B992208EC79B009F36BC /* Resources */ = {
			isa = PBXResourcesBuildPhase;
			buildActionMask = 2147483647;
			files = (
				23EDE3DA272A750800EB685B /* img_5.png in Resources */,
				23EDE3D1272A750800EB685B /* img_2.png in Resources */,
				B02C2794216B48CB007A23E5 /* CircleProgressController.xib in Resources */,
				23EDE3D9272A750800EB685B /* img_4.png in Resources */,
				23EDE3D3272A750800EB685B /* img_12.png in Resources */,
				23EDE3D2272A750800EB685B /* img_3.png in Resources */,
				23EDE3D0272A750800EB685B /* img_13.png in Resources */,
				23EDE3E4272A750800EB685B /* img_23.png in Resources */,
				23EDE3E2272A750800EB685B /* img_26.png in Resources */,
				B077B9A2208EC79B009F36BC /* LaunchScreen.storyboard in Resources */,
				23EDE3D5272A750800EB685B /* img_7.png in Resources */,
				B02C27A2216C8544007A23E5 /* ProtocolController.xib in Resources */,
				23EDE3DD272A750800EB685B /* img_19.png in Resources */,
				23EDE3DE272A750800EB685B /* img_8.png in Resources */,
				23EDE3E1272A750800EB685B /* img_24.png in Resources */,
				B0A67184217832C8009F539D /* girl.jpg in Resources */,
				23EDE3E0272A750800EB685B /* img_18.png in Resources */,
				23EDE3E6272A750800EB685B /* img_20.png in Resources */,
				23EDE3CC272A750800EB685B /* img_10.png in Resources */,
				23EDE3DF272A750800EB685B /* img_9.png in Resources */,
				23EDE3D8272A750800EB685B /* img_15.png in Resources */,
				23EDE3D7272A750800EB685B /* img_17.png in Resources */,
				B0A6718021782FE6009F539D /* TestImageController.xib in Resources */,
				23EDE3E3272A750800EB685B /* img_27.png in Resources */,
				23EDE3DC272A750800EB685B /* img_25.png in Resources */,
				23EDE3CF272A750800EB685B /* img_11.png in Resources */,
				23EDE3D6272A750800EB685B /* img_6.png in Resources */,
				23EDE3D4272A750800EB685B /* img_16.png in Resources */,
				3C3CE7012566A99100EB1852 /* GSTodoTableViewCell.xib in Resources */,
				23EDE3CE272A750800EB685B /* img_0.png in Resources */,
				B077B99F208EC79B009F36BC /* Assets.xcassets in Resources */,
				B077B99D208EC79B009F36BC /* Main.storyboard in Resources */,
				23EDE3E7272A750800EB685B /* img_21.png in Resources */,
				23EDE3DB272A750800EB685B /* img_14.png in Resources */,
				23EDE3CD272A750800EB685B /* img_1.png in Resources */,
				23EDE3E8272A750800EB685B /* rose.json in Resources */,
				23EDE3E5272A750800EB685B /* img_22.png in Resources */,
			);
			runOnlyForDeploymentPostprocessing = 0;
		};
/* End PBXResourcesBuildPhase section */

/* Begin PBXShellScriptBuildPhase section */
		84D9ED5C5A607A2E9E57CCBF /* [CP] Embed Pods Frameworks */ = {
			isa = PBXShellScriptBuildPhase;
			buildActionMask = 2147483647;
			files = (
			);
			inputPaths = (
				"${PODS_ROOT}/Target Support Files/Pods-StevenNash/Pods-StevenNash-frameworks.sh",
				"${BUILT_PRODUCTS_DIR}/RxCocoa/RxCocoa.framework",
				"${BUILT_PRODUCTS_DIR}/RxRelay/RxRelay.framework",
				"${BUILT_PRODUCTS_DIR}/RxSwift/RxSwift.framework",
				"${BUILT_PRODUCTS_DIR}/SnapKit/SnapKit.framework",
				"${BUILT_PRODUCTS_DIR}/lottie-ios/Lottie.framework",
			);
			name = "[CP] Embed Pods Frameworks";
			outputPaths = (
				"${TARGET_BUILD_DIR}/${FRAMEWORKS_FOLDER_PATH}/RxCocoa.framework",
				"${TARGET_BUILD_DIR}/${FRAMEWORKS_FOLDER_PATH}/RxRelay.framework",
				"${TARGET_BUILD_DIR}/${FRAMEWORKS_FOLDER_PATH}/RxSwift.framework",
				"${TARGET_BUILD_DIR}/${FRAMEWORKS_FOLDER_PATH}/SnapKit.framework",
				"${TARGET_BUILD_DIR}/${FRAMEWORKS_FOLDER_PATH}/Lottie.framework",
			);
			runOnlyForDeploymentPostprocessing = 0;
			shellPath = /bin/sh;
			shellScript = "\"${PODS_ROOT}/Target Support Files/Pods-StevenNash/Pods-StevenNash-frameworks.sh\"\n";
			showEnvVarsInLog = 0;
		};
		B5BBA5A9BE59EC75555BC00C /* [CP] Check Pods Manifest.lock */ = {
			isa = PBXShellScriptBuildPhase;
			buildActionMask = 2147483647;
			files = (
			);
			inputPaths = (
				"${PODS_PODFILE_DIR_PATH}/Podfile.lock",
				"${PODS_ROOT}/Manifest.lock",
			);
			name = "[CP] Check Pods Manifest.lock";
			outputPaths = (
				"$(DERIVED_FILE_DIR)/Pods-StevenNash-checkManifestLockResult.txt",
			);
			runOnlyForDeploymentPostprocessing = 0;
			shellPath = /bin/sh;
			shellScript = "diff \"${PODS_PODFILE_DIR_PATH}/Podfile.lock\" \"${PODS_ROOT}/Manifest.lock\" > /dev/null\nif [ $? != 0 ] ; then\n    # print error to STDERR\n    echo \"error: The sandbox is not in sync with the Podfile.lock. Run 'pod install' or update your CocoaPods installation.\" >&2\n    exit 1\nfi\n# This output is used by Xcode 'outputs' to avoid re-running this script phase.\necho \"SUCCESS\" > \"${SCRIPT_OUTPUT_FILE_0}\"\n";
			showEnvVarsInLog = 0;
		};
/* End PBXShellScriptBuildPhase section */

/* Begin PBXSourcesBuildPhase section */
		B077B990208EC79B009F36BC /* Sources */ = {
			isa = PBXSourcesBuildPhase;
			buildActionMask = 2147483647;
			files = (
				4441CCF624B6CB1300728A31 /* RxTableViewBindController.swift in Sources */,
				4479E8EE24946B2600B185B6 /* RxIndexModel.swift in Sources */,
				4479E8EB2493B61D00B185B6 /* ViewController.swift in Sources */,
				3C3CE6FC2566A48E00EB1852 /* GSToDoViewController.swift in Sources */,
				4479E8E92493B36F00B185B6 /* RxIndexController.swift in Sources */,
				B0A6717A21782F08009F539D /* TestCategoriesController.swift in Sources */,
				B02C2790216B3A64007A23E5 /* MenuTableViewController.swift in Sources */,
				B077B998208EC79B009F36BC /* AppDelegate.swift in Sources */,
				44A9717824B811810028ADAC /* RxBasicViewController.swift in Sources */,
				B0A6717F21782FE6009F539D /* TestImageController.swift in Sources */,
				3C3CE6F82566A2F100EB1852 /* GSToDoModel.swift in Sources */,
				B02C279E216C7FF0007A23E5 /* Emitterable.swift in Sources */,
				B02C2792216B441A007A23E5 /* CircleProgressController.swift in Sources */,
				B0A6717821782822009F539D /* UIKit+Extension.swift in Sources */,
				4479E8E32493AFE000B185B6 /* WonderfulMacro.swift in Sources */,
				B02C27A1216C8544007A23E5 /* ProtocolController.swift in Sources */,
				B02C2797216B541A007A23E5 /* UIViewController+Extension.swift in Sources */,
				44A9717D24B847010028ADAC /* TestLottieController.swift in Sources */,
				B08D628B215376680096C1F8 /* CircleProgressView.swift in Sources */,
				B02C2799216B5A8A007A23E5 /* NSObject+Extension.swift in Sources */,
				B02C279B216C4941007A23E5 /* FanshapedProgressView.swift in Sources */,
				3C3CE7002566A99100EB1852 /* GSTodoTableViewCell.swift in Sources */,
			);
			runOnlyForDeploymentPostprocessing = 0;
		};
/* End PBXSourcesBuildPhase section */

/* Begin PBXVariantGroup section */
		B077B99B208EC79B009F36BC /* Main.storyboard */ = {
			isa = PBXVariantGroup;
			children = (
				B077B99C208EC79B009F36BC /* Base */,
			);
			name = Main.storyboard;
			sourceTree = "<group>";
		};
		B077B9A0208EC79B009F36BC /* LaunchScreen.storyboard */ = {
			isa = PBXVariantGroup;
			children = (
				B077B9A1208EC79B009F36BC /* Base */,
			);
			name = LaunchScreen.storyboard;
			sourceTree = "<group>";
		};
/* End PBXVariantGroup section */

/* Begin XCBuildConfiguration section */
		B077B9A4208EC79B009F36BC /* Debug */ = {
			isa = XCBuildConfiguration;
			buildSettings = {
				ALWAYS_SEARCH_USER_PATHS = NO;
				CLANG_ANALYZER_NONNULL = YES;
				CLANG_ANALYZER_NUMBER_OBJECT_CONVERSION = YES_AGGRESSIVE;
				CLANG_CXX_LANGUAGE_STANDARD = "gnu++14";
				CLANG_CXX_LIBRARY = "libc++";
				CLANG_ENABLE_MODULES = YES;
				CLANG_ENABLE_OBJC_ARC = YES;
				CLANG_WARN_BLOCK_CAPTURE_AUTORELEASING = YES;
				CLANG_WARN_BOOL_CONVERSION = YES;
				CLANG_WARN_COMMA = YES;
				CLANG_WARN_CONSTANT_CONVERSION = YES;
				CLANG_WARN_DEPRECATED_OBJC_IMPLEMENTATIONS = YES;
				CLANG_WARN_DIRECT_OBJC_ISA_USAGE = YES_ERROR;
				CLANG_WARN_DOCUMENTATION_COMMENTS = YES;
				CLANG_WARN_EMPTY_BODY = YES;
				CLANG_WARN_ENUM_CONVERSION = YES;
				CLANG_WARN_INFINITE_RECURSION = YES;
				CLANG_WARN_INT_CONVERSION = YES;
				CLANG_WARN_NON_LITERAL_NULL_CONVERSION = YES;
				CLANG_WARN_OBJC_IMPLICIT_RETAIN_SELF = YES;
				CLANG_WARN_OBJC_LITERAL_CONVERSION = YES;
				CLANG_WARN_OBJC_ROOT_CLASS = YES_ERROR;
				CLANG_WARN_RANGE_LOOP_ANALYSIS = YES;
				CLANG_WARN_STRICT_PROTOTYPES = YES;
				CLANG_WARN_SUSPICIOUS_MOVE = YES;
				CLANG_WARN_UNGUARDED_AVAILABILITY = YES_AGGRESSIVE;
				CLANG_WARN_UNREACHABLE_CODE = YES;
				CLANG_WARN__DUPLICATE_METHOD_MATCH = YES;
				CODE_SIGN_IDENTITY = "iPhone Developer";
				COPY_PHASE_STRIP = NO;
				DEBUG_INFORMATION_FORMAT = dwarf;
				ENABLE_STRICT_OBJC_MSGSEND = YES;
				ENABLE_TESTABILITY = YES;
				GCC_C_LANGUAGE_STANDARD = gnu11;
				GCC_DYNAMIC_NO_PIC = NO;
				GCC_NO_COMMON_BLOCKS = YES;
				GCC_OPTIMIZATION_LEVEL = 0;
				GCC_PREPROCESSOR_DEFINITIONS = (
					"DEBUG=1",
					"$(inherited)",
				);
				GCC_WARN_64_TO_32_BIT_CONVERSION = YES;
				GCC_WARN_ABOUT_RETURN_TYPE = YES_ERROR;
				GCC_WARN_UNDECLARED_SELECTOR = YES;
				GCC_WARN_UNINITIALIZED_AUTOS = YES_AGGRESSIVE;
				GCC_WARN_UNUSED_FUNCTION = YES;
				GCC_WARN_UNUSED_VARIABLE = YES;
				IPHONEOS_DEPLOYMENT_TARGET = 11.2;
				MTL_ENABLE_DEBUG_INFO = YES;
				ONLY_ACTIVE_ARCH = YES;
				SDKROOT = iphoneos;
				SWIFT_ACTIVE_COMPILATION_CONDITIONS = DEBUG;
				SWIFT_OPTIMIZATION_LEVEL = "-Onone";
			};
			name = Debug;
		};
		B077B9A5208EC79B009F36BC /* Release */ = {
			isa = XCBuildConfiguration;
			buildSettings = {
				ALWAYS_SEARCH_USER_PATHS = NO;
				CLANG_ANALYZER_NONNULL = YES;
				CLANG_ANALYZER_NUMBER_OBJECT_CONVERSION = YES_AGGRESSIVE;
				CLANG_CXX_LANGUAGE_STANDARD = "gnu++14";
				CLANG_CXX_LIBRARY = "libc++";
				CLANG_ENABLE_MODULES = YES;
				CLANG_ENABLE_OBJC_ARC = YES;
				CLANG_WARN_BLOCK_CAPTURE_AUTORELEASING = YES;
				CLANG_WARN_BOOL_CONVERSION = YES;
				CLANG_WARN_COMMA = YES;
				CLANG_WARN_CONSTANT_CONVERSION = YES;
				CLANG_WARN_DEPRECATED_OBJC_IMPLEMENTATIONS = YES;
				CLANG_WARN_DIRECT_OBJC_ISA_USAGE = YES_ERROR;
				CLANG_WARN_DOCUMENTATION_COMMENTS = YES;
				CLANG_WARN_EMPTY_BODY = YES;
				CLANG_WARN_ENUM_CONVERSION = YES;
				CLANG_WARN_INFINITE_RECURSION = YES;
				CLANG_WARN_INT_CONVERSION = YES;
				CLANG_WARN_NON_LITERAL_NULL_CONVERSION = YES;
				CLANG_WARN_OBJC_IMPLICIT_RETAIN_SELF = YES;
				CLANG_WARN_OBJC_LITERAL_CONVERSION = YES;
				CLANG_WARN_OBJC_ROOT_CLASS = YES_ERROR;
				CLANG_WARN_RANGE_LOOP_ANALYSIS = YES;
				CLANG_WARN_STRICT_PROTOTYPES = YES;
				CLANG_WARN_SUSPICIOUS_MOVE = YES;
				CLANG_WARN_UNGUARDED_AVAILABILITY = YES_AGGRESSIVE;
				CLANG_WARN_UNREACHABLE_CODE = YES;
				CLANG_WARN__DUPLICATE_METHOD_MATCH = YES;
				CODE_SIGN_IDENTITY = "iPhone Developer";
				COPY_PHASE_STRIP = NO;
				DEBUG_INFORMATION_FORMAT = "dwarf-with-dsym";
				ENABLE_NS_ASSERTIONS = NO;
				ENABLE_STRICT_OBJC_MSGSEND = YES;
				GCC_C_LANGUAGE_STANDARD = gnu11;
				GCC_NO_COMMON_BLOCKS = YES;
				GCC_WARN_64_TO_32_BIT_CONVERSION = YES;
				GCC_WARN_ABOUT_RETURN_TYPE = YES_ERROR;
				GCC_WARN_UNDECLARED_SELECTOR = YES;
				GCC_WARN_UNINITIALIZED_AUTOS = YES_AGGRESSIVE;
				GCC_WARN_UNUSED_FUNCTION = YES;
				GCC_WARN_UNUSED_VARIABLE = YES;
				IPHONEOS_DEPLOYMENT_TARGET = 11.2;
				MTL_ENABLE_DEBUG_INFO = NO;
				SDKROOT = iphoneos;
				SWIFT_OPTIMIZATION_LEVEL = "-Owholemodule";
				VALIDATE_PRODUCT = YES;
			};
			name = Release;
		};
		B077B9A7208EC79B009F36BC /* Debug */ = {
			isa = XCBuildConfiguration;
			baseConfigurationReference = 6BD5621D2DA2FCD4CCA295F3 /* Pods-StevenNash.debug.xcconfig */;
			buildSettings = {
				ASSETCATALOG_COMPILER_APPICON_NAME = AppIcon;
				CODE_SIGN_STYLE = Automatic;
				DEVELOPMENT_TEAM = 37G28R6NSU;
				INFOPLIST_FILE = StevenNash/Info.plist;
				IPHONEOS_DEPLOYMENT_TARGET = 10.0;
				LD_RUNPATH_SEARCH_PATHS = "$(inherited) @executable_path/Frameworks";
				PRODUCT_BUNDLE_IDENTIFIER = com.gongsheng.study1;
				PRODUCT_NAME = "$(TARGET_NAME)";
				SWIFT_VERSION = 4.2;
				TARGETED_DEVICE_FAMILY = "1,2";
			};
			name = Debug;
		};
		B077B9A8208EC79B009F36BC /* Release */ = {
			isa = XCBuildConfiguration;
			baseConfigurationReference = 6F3291DE9E90B5485C4F3490 /* Pods-StevenNash.release.xcconfig */;
			buildSettings = {
				ASSETCATALOG_COMPILER_APPICON_NAME = AppIcon;
				CODE_SIGN_STYLE = Automatic;
				DEVELOPMENT_TEAM = 37G28R6NSU;
				INFOPLIST_FILE = StevenNash/Info.plist;
				IPHONEOS_DEPLOYMENT_TARGET = 10.0;
				LD_RUNPATH_SEARCH_PATHS = "$(inherited) @executable_path/Frameworks";
				PRODUCT_BUNDLE_IDENTIFIER = com.gongsheng.study1;
				PRODUCT_NAME = "$(TARGET_NAME)";
				SWIFT_VERSION = 4.2;
				TARGETED_DEVICE_FAMILY = "1,2";
			};
			name = Release;
		};
/* End XCBuildConfiguration section */

/* Begin XCConfigurationList section */
		B077B98F208EC79B009F36BC /* Build configuration list for PBXProject "StevenNash" */ = {
			isa = XCConfigurationList;
			buildConfigurations = (
				B077B9A4208EC79B009F36BC /* Debug */,
				B077B9A5208EC79B009F36BC /* Release */,
			);
			defaultConfigurationIsVisible = 0;
			defaultConfigurationName = Release;
		};
		B077B9A6208EC79B009F36BC /* Build configuration list for PBXNativeTarget "StevenNash" */ = {
			isa = XCConfigurationList;
			buildConfigurations = (
				B077B9A7208EC79B009F36BC /* Debug */,
				B077B9A8208EC79B009F36BC /* Release */,
			);
			defaultConfigurationIsVisible = 0;
			defaultConfigurationName = Release;
		};
/* End XCConfigurationList section */
	};
	rootObject = B077B98C208EC79B009F36BC /* Project object */;
}
