// !$*UTF8*$!
{
	archiveVersion = 1;
	classes = {
	};
	objectVersion = 48;
	objects = {

/* Begin PBXBuildFile section */
		9FC4CA09FA5F947A577361EE /* Pods_StevenNash.framework in Frameworks */ = {isa = PBXBuildFile; fileRef = BBD6EA9B5EA6695153E5E753 /* Pods_StevenNash.framework */; };
		B02C2790216B3A64007A23E5 /* MenuTableViewController.swift in Sources */ = {isa = PBXBuildFile; fileRef = B02C278F216B3A64007A23E5 /* MenuTableViewController.swift */; };
		B02C2792216B441A007A23E5 /* CircleProgressController.swift in Sources */ = {isa = PBXBuildFile; fileRef = B02C2791216B441A007A23E5 /* CircleProgressController.swift */; };
		B02C2794216B48CB007A23E5 /* CircleProgressController.xib in Resources */ = {isa = PBXBuildFile; fileRef = B02C2793216B48CB007A23E5 /* CircleProgressController.xib */; };
		B02C2797216B541A007A23E5 /* UIViewController+Extension.swift in Sources */ = {isa = PBXBuildFile; fileRef = B02C2796216B541A007A23E5 /* UIViewController+Extension.swift */; };
		B02C2799216B5A8A007A23E5 /* NSObject+Extension.swift in Sources */ = {isa = PBXBuildFile; fileRef = B02C2798216B5A8A007A23E5 /* NSObject+Extension.swift */; };
		B02C279B216C4941007A23E5 /* FanshapedProgressView.swift in Sources */ = {isa = PBXBuildFile; fileRef = B02C279A216C4941007A23E5 /* FanshapedProgressView.swift */; };
		B077B998208EC79B009F36BC /* AppDelegate.swift in Sources */ = {isa = PBXBuildFile; fileRef = B077B997208EC79B009F36BC /* AppDelegate.swift */; };
		B077B99D208EC79B009F36BC /* Main.storyboard in Resources */ = {isa = PBXBuildFile; fileRef = B077B99B208EC79B009F36BC /* Main.storyboard */; };
		B077B99F208EC79B009F36BC /* Assets.xcassets in Resources */ = {isa = PBXBuildFile; fileRef = B077B99E208EC79B009F36BC /* Assets.xcassets */; };
		B077B9A2208EC79B009F36BC /* LaunchScreen.storyboard in Resources */ = {isa = PBXBuildFile; fileRef = B077B9A0208EC79B009F36BC /* LaunchScreen.storyboard */; };
		B08D628B215376680096C1F8 /* CircleProgressView.swift in Sources */ = {isa = PBXBuildFile; fileRef = B08D628A215376680096C1F8 /* CircleProgressView.swift */; };
/* End PBXBuildFile section */

/* Begin PBXFileReference section */
		6BD5621D2DA2FCD4CCA295F3 /* Pods-StevenNash.debug.xcconfig */ = {isa = PBXFileReference; includeInIndex = 1; lastKnownFileType = text.xcconfig; name = "Pods-StevenNash.debug.xcconfig"; path = "Pods/Target Support Files/Pods-StevenNash/Pods-StevenNash.debug.xcconfig"; sourceTree = "<group>"; };
		6F3291DE9E90B5485C4F3490 /* Pods-StevenNash.release.xcconfig */ = {isa = PBXFileReference; includeInIndex = 1; lastKnownFileType = text.xcconfig; name = "Pods-StevenNash.release.xcconfig"; path = "Pods/Target Support Files/Pods-StevenNash/Pods-StevenNash.release.xcconfig"; sourceTree = "<group>"; };
		B02C278F216B3A64007A23E5 /* MenuTableViewController.swift */ = {isa = PBXFileReference; lastKnownFileType = sourcecode.swift; path = MenuTableViewController.swift; sourceTree = "<group>"; };
		B02C2791216B441A007A23E5 /* CircleProgressController.swift */ = {isa = PBXFileReference; lastKnownFileType = sourcecode.swift; path = CircleProgressController.swift; sourceTree = "<group>"; };
		B02C2793216B48CB007A23E5 /* CircleProgressController.xib */ = {isa = PBXFileReference; lastKnownFileType = file.xib; path = CircleProgressController.xib; sourceTree = "<group>"; };
		B02C2796216B541A007A23E5 /* UIViewController+Extension.swift */ = {isa = PBXFileReference; lastKnownFileType = sourcecode.swift; path = "UIViewController+Extension.swift"; sourceTree = "<group>"; };
		B02C2798216B5A8A007A23E5 /* NSObject+Extension.swift */ = {isa = PBXFileReference; lastKnownFileType = sourcecode.swift; path = "NSObject+Extension.swift"; sourceTree = "<group>"; };
		B02C279A216C4941007A23E5 /* FanshapedProgressView.swift */ = {isa = PBXFileReference; lastKnownFileType = sourcecode.swift; path = FanshapedProgressView.swift; sourceTree = "<group>"; };
		B077B994208EC79B009F36BC /* StevenNash.app */ = {isa = PBXFileReference; explicitFileType = wrapper.application; includeInIndex = 0; path = StevenNash.app; sourceTree = BUILT_PRODUCTS_DIR; };
		B077B997208EC79B009F36BC /* AppDelegate.swift */ = {isa = PBXFileReference; lastKnownFileType = sourcecode.swift; path = AppDelegate.swift; sourceTree = "<group>"; };
		B077B99C208EC79B009F36BC /* Base */ = {isa = PBXFileReference; lastKnownFileType = file.storyboard; name = Base; path = Base.lproj/Main.storyboard; sourceTree = "<group>"; };
		B077B99E208EC79B009F36BC /* Assets.xcassets */ = {isa = PBXFileReference; lastKnownFileType = folder.assetcatalog; path = Assets.xcassets; sourceTree = "<group>"; };
		B077B9A1208EC79B009F36BC /* Base */ = {isa = PBXFileReference; lastKnownFileType = file.storyboard; name = Base; path = Base.lproj/LaunchScreen.storyboard; sourceTree = "<group>"; };
		B077B9A3208EC79B009F36BC /* Info.plist */ = {isa = PBXFileReference; lastKnownFileType = text.plist.xml; path = Info.plist; sourceTree = "<group>"; };
		B08D628A215376680096C1F8 /* CircleProgressView.swift */ = {isa = PBXFileReference; lastKnownFileType = sourcecode.swift; path = CircleProgressView.swift; sourceTree = "<group>"; };
		BBD6EA9B5EA6695153E5E753 /* Pods_StevenNash.framework */ = {isa = PBXFileReference; explicitFileType = wrapper.framework; includeInIndex = 0; path = Pods_StevenNash.framework; sourceTree = BUILT_PRODUCTS_DIR; };
/* End PBXFileReference section */

/* Begin PBXFrameworksBuildPhase section */
		B077B991208EC79B009F36BC /* Frameworks */ = {
			isa = PBXFrameworksBuildPhase;
			buildActionMask = 2147483647;
			files = (
				9FC4CA09FA5F947A577361EE /* Pods_StevenNash.framework in Frameworks */,
			);
			runOnlyForDeploymentPostprocessing = 0;
		};
/* End PBXFrameworksBuildPhase section */

/* Begin PBXGroup section */
		B02C278E216B3A3C007A23E5 /* Menu */ = {
			isa = PBXGroup;
			children = (
				B02C278F216B3A64007A23E5 /* MenuTableViewController.swift */,
			);
			path = Menu;
			sourceTree = "<group>";
		};
		B02C2795216B5401007A23E5 /* Categories */ = {
			isa = PBXGroup;
			children = (
				B02C2796216B541A007A23E5 /* UIViewController+Extension.swift */,
				B02C2798216B5A8A007A23E5 /* NSObject+Extension.swift */,
			);
			path = Categories;
			sourceTree = "<group>";
		};
		B077B98B208EC79B009F36BC = {
			isa = PBXGroup;
			children = (
				B077B996208EC79B009F36BC /* StevenNash */,
				B077B995208EC79B009F36BC /* Products */,
				D33B11F30797C52EE3431677 /* Pods */,
				FCD2314484240ACD0B80F604 /* Frameworks */,
			);
			sourceTree = "<group>";
		};
		B077B995208EC79B009F36BC /* Products */ = {
			isa = PBXGroup;
			children = (
				B077B994208EC79B009F36BC /* StevenNash.app */,
			);
			name = Products;
			sourceTree = "<group>";
		};
		B077B996208EC79B009F36BC /* StevenNash */ = {
			isa = PBXGroup;
			children = (
				B08D6287215375370096C1F8 /* Classes */,
				B077B99B208EC79B009F36BC /* Main.storyboard */,
				B077B99E208EC79B009F36BC /* Assets.xcassets */,
				B077B9A0208EC79B009F36BC /* LaunchScreen.storyboard */,
				B077B9A3208EC79B009F36BC /* Info.plist */,
			);
			path = StevenNash;
			sourceTree = "<group>";
		};
		B08D6287215375370096C1F8 /* Classes */ = {
			isa = PBXGroup;
			children = (
				B02C2795216B5401007A23E5 /* Categories */,
				B08D6289215375590096C1F8 /* Appdelegate */,
				B02C278E216B3A3C007A23E5 /* Menu */,
				B08D6288215375370096C1F8 /* Progress */,
			);
			path = Classes;
			sourceTree = "<group>";
		};
		B08D6288215375370096C1F8 /* Progress */ = {
			isa = PBXGroup;
			children = (
				B02C2791216B441A007A23E5 /* CircleProgressController.swift */,
				B02C2793216B48CB007A23E5 /* CircleProgressController.xib */,
				B08D628A215376680096C1F8 /* CircleProgressView.swift */,
				B02C279A216C4941007A23E5 /* FanshapedProgressView.swift */,
			);
			path = Progress;
			sourceTree = "<group>";
		};
		B08D6289215375590096C1F8 /* Appdelegate */ = {
			isa = PBXGroup;
			children = (
				B077B997208EC79B009F36BC /* AppDelegate.swift */,
			);
			path = Appdelegate;
			sourceTree = "<group>";
		};
		D33B11F30797C52EE3431677 /* Pods */ = {
			isa = PBXGroup;
			children = (
				6BD5621D2DA2FCD4CCA295F3 /* Pods-StevenNash.debug.xcconfig */,
				6F3291DE9E90B5485C4F3490 /* Pods-StevenNash.release.xcconfig */,
			);
			name = Pods;
			sourceTree = "<group>";
		};
		FCD2314484240ACD0B80F604 /* Frameworks */ = {
			isa = PBXGroup;
			children = (
				BBD6EA9B5EA6695153E5E753 /* Pods_StevenNash.framework */,
			);
			name = Frameworks;
			sourceTree = "<group>";
		};
/* End PBXGroup section */

/* Begin PBXNativeTarget section */
		B077B993208EC79B009F36BC /* StevenNash */ = {
			isa = PBXNativeTarget;
			buildConfigurationList = B077B9A6208EC79B009F36BC /* Build configuration list for PBXNativeTarget "StevenNash" */;
			buildPhases = (
				B5BBA5A9BE59EC75555BC00C /* [CP] Check Pods Manifest.lock */,
				B077B990208EC79B009F36BC /* Sources */,
				B077B991208EC79B009F36BC /* Frameworks */,
				B077B992208EC79B009F36BC /* Resources */,
			);
			buildRules = (
			);
			dependencies = (
			);
			name = StevenNash;
			productName = StevenNash;
			productReference = B077B994208EC79B009F36BC /* StevenNash.app */;
			productType = "com.apple.product-type.application";
		};
/* End PBXNativeTarget section */

/* Begin PBXProject section */
		B077B98C208EC79B009F36BC /* Project object */ = {
			isa = PBXProject;
			attributes = {
				LastSwiftUpdateCheck = 0920;
				LastUpgradeCheck = 1000;
				ORGANIZATIONNAME = gongsheng;
				TargetAttributes = {
					B077B993208EC79B009F36BC = {
						CreatedOnToolsVersion = 9.2;
						LastSwiftMigration = 1000;
						ProvisioningStyle = Automatic;
					};
				};
			};
			buildConfigurationList = B077B98F208EC79B009F36BC /* Build configuration list for PBXProject "StevenNash" */;
			compatibilityVersion = "Xcode 8.0";
			developmentRegion = en;
			hasScannedForEncodings = 0;
			knownRegions = (
				en,
				Base,
			);
			mainGroup = B077B98B208EC79B009F36BC;
			productRefGroup = B077B995208EC79B009F36BC /* Products */;
			projectDirPath = "";
			projectRoot = "";
			targets = (
				B077B993208EC79B009F36BC /* StevenNash */,
			);
		};
/* End PBXProject section */

/* Begin PBXResourcesBuildPhase section */
		B077B992208EC79B009F36BC /* Resources */ = {
			isa = PBXResourcesBuildPhase;
			buildActionMask = 2147483647;
			files = (
				B02C2794216B48CB007A23E5 /* CircleProgressController.xib in Resources */,
				B077B9A2208EC79B009F36BC /* LaunchScreen.storyboard in Resources */,
				B077B99F208EC79B009F36BC /* Assets.xcassets in Resources */,
				B077B99D208EC79B009F36BC /* Main.storyboard in Resources */,
			);
			runOnlyForDeploymentPostprocessing = 0;
		};
/* End PBXResourcesBuildPhase section */

/* Begin PBXShellScriptBuildPhase section */
		B5BBA5A9BE59EC75555BC00C /* [CP] Check Pods Manifest.lock */ = {
			isa = PBXShellScriptBuildPhase;
			buildActionMask = 2147483647;
			files = (
			);
			inputPaths = (
				"${PODS_PODFILE_DIR_PATH}/Podfile.lock",
				"${PODS_ROOT}/Manifest.lock",
			);
			name = "[CP] Check Pods Manifest.lock";
			outputPaths = (
				"$(DERIVED_FILE_DIR)/Pods-StevenNash-checkManifestLockResult.txt",
			);
			runOnlyForDeploymentPostprocessing = 0;
			shellPath = /bin/sh;
			shellScript = "diff \"${PODS_PODFILE_DIR_PATH}/Podfile.lock\" \"${PODS_ROOT}/Manifest.lock\" > /dev/null\nif [ $? != 0 ] ; then\n    # print error to STDERR\n    echo \"error: The sandbox is not in sync with the Podfile.lock. Run 'pod install' or update your CocoaPods installation.\" >&2\n    exit 1\nfi\n# This output is used by Xcode 'outputs' to avoid re-running this script phase.\necho \"SUCCESS\" > \"${SCRIPT_OUTPUT_FILE_0}\"\n";
			showEnvVarsInLog = 0;
		};
/* End PBXShellScriptBuildPhase section */

/* Begin PBXSourcesBuildPhase section */
		B077B990208EC79B009F36BC /* Sources */ = {
			isa = PBXSourcesBuildPhase;
			buildActionMask = 2147483647;
			files = (
				B02C2790216B3A64007A23E5 /* MenuTableViewController.swift in Sources */,
				B077B998208EC79B009F36BC /* AppDelegate.swift in Sources */,
				B02C2792216B441A007A23E5 /* CircleProgressController.swift in Sources */,
				B02C2797216B541A007A23E5 /* UIViewController+Extension.swift in Sources */,
				B08D628B215376680096C1F8 /* CircleProgressView.swift in Sources */,
				B02C2799216B5A8A007A23E5 /* NSObject+Extension.swift in Sources */,
				B02C279B216C4941007A23E5 /* FanshapedProgressView.swift in Sources */,
			);
			runOnlyForDeploymentPostprocessing = 0;
		};
/* End PBXSourcesBuildPhase section */

/* Begin PBXVariantGroup section */
		B077B99B208EC79B009F36BC /* Main.storyboard */ = {
			isa = PBXVariantGroup;
			children = (
				B077B99C208EC79B009F36BC /* Base */,
			);
			name = Main.storyboard;
			sourceTree = "<group>";
		};
		B077B9A0208EC79B009F36BC /* LaunchScreen.storyboard */ = {
			isa = PBXVariantGroup;
			children = (
				B077B9A1208EC79B009F36BC /* Base */,
			);
			name = LaunchScreen.storyboard;
			sourceTree = "<group>";
		};
/* End PBXVariantGroup section */

/* Begin XCBuildConfiguration section */
		B077B9A4208EC79B009F36BC /* Debug */ = {
			isa = XCBuildConfiguration;
			buildSettings = {
				ALWAYS_SEARCH_USER_PATHS = NO;
				CLANG_ANALYZER_NONNULL = YES;
				CLANG_ANALYZER_NUMBER_OBJECT_CONVERSION = YES_AGGRESSIVE;
				CLANG_CXX_LANGUAGE_STANDARD = "gnu++14";
				CLANG_CXX_LIBRARY = "libc++";
				CLANG_ENABLE_MODULES = YES;
				CLANG_ENABLE_OBJC_ARC = YES;
				CLANG_WARN_BLOCK_CAPTURE_AUTORELEASING = YES;
				CLANG_WARN_BOOL_CONVERSION = YES;
				CLANG_WARN_COMMA = YES;
				CLANG_WARN_CONSTANT_CONVERSION = YES;
				CLANG_WARN_DEPRECATED_OBJC_IMPLEMENTATIONS = YES;
				CLANG_WARN_DIRECT_OBJC_ISA_USAGE = YES_ERROR;
				CLANG_WARN_DOCUMENTATION_COMMENTS = YES;
				CLANG_WARN_EMPTY_BODY = YES;
				CLANG_WARN_ENUM_CONVERSION = YES;
				CLANG_WARN_INFINITE_RECURSION = YES;
				CLANG_WARN_INT_CONVERSION = YES;
				CLANG_WARN_NON_LITERAL_NULL_CONVERSION = YES;
				CLANG_WARN_OBJC_IMPLICIT_RETAIN_SELF = YES;
				CLANG_WARN_OBJC_LITERAL_CONVERSION = YES;
				CLANG_WARN_OBJC_ROOT_CLASS = YES_ERROR;
				CLANG_WARN_RANGE_LOOP_ANALYSIS = YES;
				CLANG_WARN_STRICT_PROTOTYPES = YES;
				CLANG_WARN_SUSPICIOUS_MOVE = YES;
				CLANG_WARN_UNGUARDED_AVAILABILITY = YES_AGGRESSIVE;
				CLANG_WARN_UNREACHABLE_CODE = YES;
				CLANG_WARN__DUPLICATE_METHOD_MATCH = YES;
				CODE_SIGN_IDENTITY = "iPhone Developer";
				COPY_PHASE_STRIP = NO;
				DEBUG_INFORMATION_FORMAT = dwarf;
				ENABLE_STRICT_OBJC_MSGSEND = YES;
				ENABLE_TESTABILITY = YES;
				GCC_C_LANGUAGE_STANDARD = gnu11;
				GCC_DYNAMIC_NO_PIC = NO;
				GCC_NO_COMMON_BLOCKS = YES;
				GCC_OPTIMIZATION_LEVEL = 0;
				GCC_PREPROCESSOR_DEFINITIONS = (
					"DEBUG=1",
					"$(inherited)",
				);
				GCC_WARN_64_TO_32_BIT_CONVERSION = YES;
				GCC_WARN_ABOUT_RETURN_TYPE = YES_ERROR;
				GCC_WARN_UNDECLARED_SELECTOR = YES;
				GCC_WARN_UNINITIALIZED_AUTOS = YES_AGGRESSIVE;
				GCC_WARN_UNUSED_FUNCTION = YES;
				GCC_WARN_UNUSED_VARIABLE = YES;
				IPHONEOS_DEPLOYMENT_TARGET = 11.2;
				MTL_ENABLE_DEBUG_INFO = YES;
				ONLY_ACTIVE_ARCH = YES;
				SDKROOT = iphoneos;
				SWIFT_ACTIVE_COMPILATION_CONDITIONS = DEBUG;
				SWIFT_OPTIMIZATION_LEVEL = "-Onone";
			};
			name = Debug;
		};
		B077B9A5208EC79B009F36BC /* Release */ = {
			isa = XCBuildConfiguration;
			buildSettings = {
				ALWAYS_SEARCH_USER_PATHS = NO;
				CLANG_ANALYZER_NONNULL = YES;
				CLANG_ANALYZER_NUMBER_OBJECT_CONVERSION = YES_AGGRESSIVE;
				CLANG_CXX_LANGUAGE_STANDARD = "gnu++14";
				CLANG_CXX_LIBRARY = "libc++";
				CLANG_ENABLE_MODULES = YES;
				CLANG_ENABLE_OBJC_ARC = YES;
				CLANG_WARN_BLOCK_CAPTURE_AUTORELEASING = YES;
				CLANG_WARN_BOOL_CONVERSION = YES;
				CLANG_WARN_COMMA = YES;
				CLANG_WARN_CONSTANT_CONVERSION = YES;
				CLANG_WARN_DEPRECATED_OBJC_IMPLEMENTATIONS = YES;
				CLANG_WARN_DIRECT_OBJC_ISA_USAGE = YES_ERROR;
				CLANG_WARN_DOCUMENTATION_COMMENTS = YES;
				CLANG_WARN_EMPTY_BODY = YES;
				CLANG_WARN_ENUM_CONVERSION = YES;
				CLANG_WARN_INFINITE_RECURSION = YES;
				CLANG_WARN_INT_CONVERSION = YES;
				CLANG_WARN_NON_LITERAL_NULL_CONVERSION = YES;
				CLANG_WARN_OBJC_IMPLICIT_RETAIN_SELF = YES;
				CLANG_WARN_OBJC_LITERAL_CONVERSION = YES;
				CLANG_WARN_OBJC_ROOT_CLASS = YES_ERROR;
				CLANG_WARN_RANGE_LOOP_ANALYSIS = YES;
				CLANG_WARN_STRICT_PROTOTYPES = YES;
				CLANG_WARN_SUSPICIOUS_MOVE = YES;
				CLANG_WARN_UNGUARDED_AVAILABILITY = YES_AGGRESSIVE;
				CLANG_WARN_UNREACHABLE_CODE = YES;
				CLANG_WARN__DUPLICATE_METHOD_MATCH = YES;
				CODE_SIGN_IDENTITY = "iPhone Developer";
				COPY_PHASE_STRIP = NO;
				DEBUG_INFORMATION_FORMAT = "dwarf-with-dsym";
				ENABLE_NS_ASSERTIONS = NO;
				ENABLE_STRICT_OBJC_MSGSEND = YES;
				GCC_C_LANGUAGE_STANDARD = gnu11;
				GCC_NO_COMMON_BLOCKS = YES;
				GCC_WARN_64_TO_32_BIT_CONVERSION = YES;
				GCC_WARN_ABOUT_RETURN_TYPE = YES_ERROR;
				GCC_WARN_UNDECLARED_SELECTOR = YES;
				GCC_WARN_UNINITIALIZED_AUTOS = YES_AGGRESSIVE;
				GCC_WARN_UNUSED_FUNCTION = YES;
				GCC_WARN_UNUSED_VARIABLE = YES;
				IPHONEOS_DEPLOYMENT_TARGET = 11.2;
				MTL_ENABLE_DEBUG_INFO = NO;
				SDKROOT = iphoneos;
				SWIFT_OPTIMIZATION_LEVEL = "-Owholemodule";
				VALIDATE_PRODUCT = YES;
			};
			name = Release;
		};
		B077B9A7208EC79B009F36BC /* Debug */ = {
			isa = XCBuildConfiguration;
			baseConfigurationReference = 6BD5621D2DA2FCD4CCA295F3 /* Pods-StevenNash.debug.xcconfig */;
			buildSettings = {
				ASSETCATALOG_COMPILER_APPICON_NAME = AppIcon;
				CODE_SIGN_STYLE = Automatic;
				DEVELOPMENT_TEAM = 37G28R6NSU;
				INFOPLIST_FILE = StevenNash/Info.plist;
				IPHONEOS_DEPLOYMENT_TARGET = 10.0;
				LD_RUNPATH_SEARCH_PATHS = "$(inherited) @executable_path/Frameworks";
				PRODUCT_BUNDLE_IDENTIFIER = com.gongsheng.StevenNash;
				PRODUCT_NAME = "$(TARGET_NAME)";
				SWIFT_VERSION = 4.2;
				TARGETED_DEVICE_FAMILY = "1,2";
			};
			name = Debug;
		};
		B077B9A8208EC79B009F36BC /* Release */ = {
			isa = XCBuildConfiguration;
			baseConfigurationReference = 6F3291DE9E90B5485C4F3490 /* Pods-StevenNash.release.xcconfig */;
			buildSettings = {
				ASSETCATALOG_COMPILER_APPICON_NAME = AppIcon;
				CODE_SIGN_STYLE = Automatic;
				DEVELOPMENT_TEAM = 37G28R6NSU;
				INFOPLIST_FILE = StevenNash/Info.plist;
				IPHONEOS_DEPLOYMENT_TARGET = 10.0;
				LD_RUNPATH_SEARCH_PATHS = "$(inherited) @executable_path/Frameworks";
				PRODUCT_BUNDLE_IDENTIFIER = com.gongsheng.StevenNash;
				PRODUCT_NAME = "$(TARGET_NAME)";
				SWIFT_VERSION = 4.2;
				TARGETED_DEVICE_FAMILY = "1,2";
			};
			name = Release;
		};
/* End XCBuildConfiguration section */

/* Begin XCConfigurationList section */
		B077B98F208EC79B009F36BC /* Build configuration list for PBXProject "StevenNash" */ = {
			isa = XCConfigurationList;
			buildConfigurations = (
				B077B9A4208EC79B009F36BC /* Debug */,
				B077B9A5208EC79B009F36BC /* Release */,
			);
			defaultConfigurationIsVisible = 0;
			defaultConfigurationName = Release;
		};
		B077B9A6208EC79B009F36BC /* Build configuration list for PBXNativeTarget "StevenNash" */ = {
			isa = XCConfigurationList;
			buildConfigurations = (
				B077B9A7208EC79B009F36BC /* Debug */,
				B077B9A8208EC79B009F36BC /* Release */,
			);
			defaultConfigurationIsVisible = 0;
			defaultConfigurationName = Release;
		};
/* End XCConfigurationList section */
	};
	rootObject = B077B98C208EC79B009F36BC /* Project object */;
}
